<?xml version="1.0" encoding="utf-8"?>
<Project ToolsVersion="4.0" xmlns="http://schemas.microsoft.com/developer/msbuild/2003">
  <ItemGroup>
    <Filter Include="Input Data">
      <UniqueIdentifier>{e620489d-f494-4a74-96d5-b58d2e67f76f}</UniqueIdentifier>
    </Filter>
    <Filter Include="Input Data\Interface">
      <UniqueIdentifier>{4a3defd3-9106-46ab-b09c-3739410354bb}</UniqueIdentifier>
    </Filter>
    <Filter Include="Shaders">
      <UniqueIdentifier>{67DA6AB6-F800-4c08-8B7A-83BB121AAD01}</UniqueIdentifier>
      <Extensions>rc;ico;cur;bmp;dlg;rc2;rct;bin;rgs;gif;jpg;jpeg;jpe;resx;tiff;tif;png;wav;mfcribbon-ms</Extensions>
    </Filter>
    <Filter Include="Processor">
      <UniqueIdentifier>{b2942aa9-b271-4233-82f3-4369e1867b9a}</UniqueIdentifier>
    </Filter>
    <Filter Include="Graphics">
      <UniqueIdentifier>{6fe4511e-770f-4ef5-9a41-594d8023775f}</UniqueIdentifier>
    </Filter>
    <Filter Include="Utils">
      <UniqueIdentifier>{f9ef9e01-1517-4e79-b6e4-08fe631b59dd}</UniqueIdentifier>
    </Filter>
    <Filter Include="Utils\Interface">
      <UniqueIdentifier>{805791ae-f438-48f7-a428-179eb604af4e}</UniqueIdentifier>
    </Filter>
    <Filter Include="Main">
      <UniqueIdentifier>{f985bd55-d4de-44f7-9331-c82d36370264}</UniqueIdentifier>
    </Filter>
    <Filter Include="Visual">
      <UniqueIdentifier>{628201d6-daec-4fba-9ce1-3dd1d644f3fc}</UniqueIdentifier>
    </Filter>
    <Filter Include="Visual\Tentacle">
      <UniqueIdentifier>{28babc00-69b4-49e1-be58-ff141b0228b7}</UniqueIdentifier>
    </Filter>
    <Filter Include="Visual\Raymarching">
      <UniqueIdentifier>{96bff3b4-6115-4c61-9ad8-2c84ce303293}</UniqueIdentifier>
    </Filter>
    <Filter Include="Visual\VideoTest">
      <UniqueIdentifier>{3d9f4502-eb6b-4ffa-a0f1-0f2023d97ab2}</UniqueIdentifier>
    </Filter>
  </ItemGroup>
  <ItemGroup>
    <ClInclude Include="ISoundFile.h">
      <Filter>Input Data\Interface</Filter>
    </ClInclude>
    <ClInclude Include="WAVSoundFile.h">
      <Filter>Input Data</Filter>
    </ClInclude>
    <ClInclude Include="ISoundStream.h">
      <Filter>Input Data\Interface</Filter>
    </ClInclude>
    <ClInclude Include="SoundStreamFile.h">
      <Filter>Input Data</Filter>
    </ClInclude>
    <ClInclude Include="Graphics\AdapterReader.h">
      <Filter>Graphics</Filter>
    </ClInclude>
    <ClInclude Include="Graphics\Graphics.h">
      <Filter>Graphics</Filter>
    </ClInclude>
    <ClInclude Include="Graphics\Shaders.h">
      <Filter>Graphics</Filter>
    </ClInclude>
    <ClInclude Include="Graphics\VertexBuffer.h">
      <Filter>Graphics</Filter>
    </ClInclude>
    <ClInclude Include="RenderWindow.h">
      <Filter>Graphics</Filter>
    </ClInclude>
    <ClInclude Include="IRecorder.h">
      <Filter>Utils\Interface</Filter>
    </ClInclude>
    <ClInclude Include="Recorder.h">
      <Filter>Utils</Filter>
    </ClInclude>
    <ClInclude Include="SoundPlayer.h">
      <Filter>Utils</Filter>
    </ClInclude>
    <ClInclude Include="Engine.h">
      <Filter>Main</Filter>
    </ClInclude>
    <ClInclude Include="Utils.h">
      <Filter>Utils</Filter>
    </ClInclude>
    <ClInclude Include="SoundAnalyser.h">
      <Filter>Processor</Filter>
    </ClInclude>
    <ClInclude Include="TentacleVis.h">
      <Filter>Visual\Tentacle</Filter>
    </ClInclude>
    <ClInclude Include="RaymarchingVis.h">
      <Filter>Visual\Raymarching</Filter>
    </ClInclude>
    <ClInclude Include="IVideoStream.h">
      <Filter>Input Data\Interface</Filter>
    </ClInclude>
    <ClInclude Include="OpenCVVideoStream.h">
      <Filter>Input Data</Filter>
    </ClInclude>
    <ClInclude Include="VideoVis.h">
      <Filter>Visual\VideoTest</Filter>
    </ClInclude>
  </ItemGroup>
  <ItemGroup>
    <ClCompile Include="WAVSoundFile.cpp">
      <Filter>Input Data</Filter>
    </ClCompile>
    <ClCompile Include="SoundStreamFile.cpp">
      <Filter>Input Data</Filter>
    </ClCompile>
    <ClCompile Include="Graphics\AdapterReader.cpp">
      <Filter>Graphics</Filter>
    </ClCompile>
    <ClCompile Include="Graphics\Graphics.cpp">
      <Filter>Graphics</Filter>
    </ClCompile>
    <ClCompile Include="Graphics\Shaders.cpp">
      <Filter>Graphics</Filter>
    </ClCompile>
    <ClCompile Include="RenderWindow.cpp">
      <Filter>Graphics</Filter>
    </ClCompile>
    <ClCompile Include="SoundPlayer.cpp">
      <Filter>Utils</Filter>
    </ClCompile>
    <ClCompile Include="Recorder.cpp">
      <Filter>Utils</Filter>
    </ClCompile>
    <ClCompile Include="Main.cpp">
      <Filter>Main</Filter>
    </ClCompile>
    <ClCompile Include="Engine.cpp">
      <Filter>Main</Filter>
    </ClCompile>
    <ClCompile Include="SoundAnalyser.cpp">
      <Filter>Processor</Filter>
    </ClCompile>
    <ClCompile Include="TentacleVis.cpp">
      <Filter>Visual\Tentacle</Filter>
    </ClCompile>
    <ClCompile Include="RaymarchingVis.cpp">
      <Filter>Visual\Raymarching</Filter>
    </ClCompile>
    <ClCompile Include="OpenCVVideoStream.cpp">
      <Filter>Input Data</Filter>
    </ClCompile>
    <ClCompile Include="VideoVis.cpp">
      <Filter>Visual\VideoTest</Filter>
    </ClCompile>
  </ItemGroup>
  <ItemGroup>
    <FxCompile Include="vertexshader.hlsl">
      <Filter>Shaders</Filter>
    </FxCompile>
    <FxCompile Include="pixelshader_simplefreq.hlsl">
      <Filter>Shaders</Filter>
    </FxCompile>
    <FxCompile Include="tentacle_freqs.hlsl">
      <Filter>Visual\Tentacle</Filter>
    </FxCompile>
    <FxCompile Include="tentacle_bass.hlsl">
      <Filter>Visual\Tentacle</Filter>
    </FxCompile>
    <FxCompile Include="raymarching.hlsl">
      <Filter>Visual\Raymarching</Filter>
    </FxCompile>
    <FxCompile Include="video.hlsl">
      <Filter>Visual\VideoTest</Filter>
    </FxCompile>
  </ItemGroup>
</Project>